
Microsoft Visual Studio Solution File, Format Version 12.00
# Visual Studio Version 16
VisualStudioVersion = 16.0.28922.388
MinimumVisualStudioVersion = 10.0.40219.1
Project("{FAE04EC0-301F-11D3-BF4B-00C04F79EFBC}") = "JV Analysis", "JV Analysis.csproj", "{E512D7D1-2AC3-4C2B-8596-C721640813EF}"
EndProject
Global
	GlobalSection(SolutionConfigurationPlatforms) = preSolution
		Debug|Any CPU = Debug|Any CPU
		Release|Any CPU = Release|Any CPU
	EndGlobalSection
	GlobalSection(ProjectConfigurationPlatforms) = postSolution
		{E512D7D1-2AC3-4C2B-8596-C721640813EF}.Debug|Any CPU.ActiveCfg = Debug|Any CPU
		{E512D7D1-2AC3-4C2B-8596-C721640813EF}.Debug|Any CPU.Build.0 = Debug|Any CPU
		{E512D7D1-2AC3-4C2B-8596-C721640813EF}.Release|Any CPU.ActiveCfg = Release|Any CPU
		{E512D7D1-2AC3-4C2B-8596-C721640813EF}.Release|Any CPU.Build.0 = Release|Any CPU
	EndGlobalSection
	GlobalSection(SolutionProperties) = preSolution
		HideSolutionNode = FALSE
	EndGlobalSection
	GlobalSection(ExtensibilityGlobals) = postSolution
		SolutionGuid = {C246EE60-E326-405D-AFC2-1D6DB1B02B0C}
	EndGlobalSection
EndGlobal
